
Microsoft Visual Studio Solution File, Format Version 12.00
# Visual Studio Version 16
VisualStudioVersion = 16.0.29102.190
MinimumVisualStudioVersion = 10.0.40219.1
Project("{FAE04EC0-301F-11D3-BF4B-00C04F79EFBC}") = "IoTMarket", "IoTMarket\IoTMarket.csproj", "{D6239B6A-F074-44B9-9301-1450F76A0B14}"
EndProject
Global
	GlobalSection(SolutionConfigurationPlatforms) = preSolution
		Debug|Any CPU = Debug|Any CPU
		Release|Any CPU = Release|Any CPU
	EndGlobalSection
	GlobalSection(ProjectConfigurationPlatforms) = postSolution
		{D6239B6A-F074-44B9-9301-1450F76A0B14}.Debug|Any CPU.ActiveCfg = Debug|Any CPU
		{D6239B6A-F074-44B9-9301-1450F76A0B14}.Debug|Any CPU.Build.0 = Debug|Any CPU
		{D6239B6A-F074-44B9-9301-1450F76A0B14}.Release|Any CPU.ActiveCfg = Release|Any CPU
		{D6239B6A-F074-44B9-9301-1450F76A0B14}.Release|Any CPU.Build.0 = Release|Any CPU
	EndGlobalSection
	GlobalSection(SolutionProperties) = preSolution
		HideSolutionNode = FALSE
	EndGlobalSection
	GlobalSection(ExtensibilityGlobals) = postSolution
		SolutionGuid = {7F17404E-8649-433D-867F-3DA3F5903BAC}
	EndGlobalSection
EndGlobal
